PODS:
  - app_badge (0.0.1):
    - Flutter
  - Flutter (1.0.0)

DEPENDENCIES:
  - app_badge (from `.symlinks/plugins/app_badge/ios`)
  - Flutter (from `.symlinks/flutter/ios`)

EXTERNAL SOURCES:
  app_badge:
    :path: ".symlinks/plugins/app_badge/ios"
  Flutter:
    :path: ".symlinks/flutter/ios"

SPEC CHECKSUMS:
  app_badge: 570d9f35760cab6ebfb35bea7ca100f36eb27722
  Flutter: 9d0fac939486c9aba2809b7982dfdbb47a7b0296

PODFILE CHECKSUM: ebd43b443038e611b86ede96e613bd6033c49497

COCOAPODS: 1.5.3
